
Microsoft Visual Studio Solution File, Format Version 12.00
# Visual Studio 14
VisualStudioVersion = 14.0.24720.0
MinimumVisualStudioVersion = 10.0.40219.1
Project("{FAE04EC0-301F-11D3-BF4B-00C04F79EFBC}") = "xNet", "xNet.csproj", "{5D25D06E-0D35-42EF-BBA2-D5DE6E06CD04}"
EndProject
Project("{2150E333-8FDC-42A3-9474-1A3956D46DE8}") = "tests", "tests", "{64461A57-F402-4424-B70F-F8612E8F1A96}"
EndProject
Project("{FAE04EC0-301F-11D3-BF4B-00C04F79EFBC}") = "xNet.Tests", "tests\xNet.Tests\xNet.Tests.csproj", "{A77F0F87-FB19-458C-9B36-6A1FD747B580}"
EndProject
Global
	GlobalSection(SolutionConfigurationPlatforms) = preSolution
		Debug|Any CPU = Debug|Any CPU
		Release|Any CPU = Release|Any CPU
	EndGlobalSection
        GlobalSection(ProjectConfigurationPlatforms) = postSolution
                {5D25D06E-0D35-42EF-BBA2-D5DE6E06CD04}.Debug|Any CPU.ActiveCfg = Debug|Any CPU
                {5D25D06E-0D35-42EF-BBA2-D5DE6E06CD04}.Debug|Any CPU.Build.0 = Debug|Any CPU
                {5D25D06E-0D35-42EF-BBA2-D5DE6E06CD04}.Release|Any CPU.ActiveCfg = Release|Any CPU
                {5D25D06E-0D35-42EF-BBA2-D5DE6E06CD04}.Release|Any CPU.Build.0 = Release|Any CPU
                {A77F0F87-FB19-458C-9B36-6A1FD747B580}.Debug|Any CPU.ActiveCfg = Debug|Any CPU
                {A77F0F87-FB19-458C-9B36-6A1FD747B580}.Debug|Any CPU.Build.0 = Debug|Any CPU
                {A77F0F87-FB19-458C-9B36-6A1FD747B580}.Release|Any CPU.ActiveCfg = Release|Any CPU
                {A77F0F87-FB19-458C-9B36-6A1FD747B580}.Release|Any CPU.Build.0 = Release|Any CPU
        EndGlobalSection
        GlobalSection(SolutionProperties) = preSolution
                HideSolutionNode = FALSE
        EndGlobalSection
        GlobalSection(NestedProjects) = preSolution
                {A77F0F87-FB19-458C-9B36-6A1FD747B580} = {64461A57-F402-4424-B70F-F8612E8F1A96}
        EndGlobalSection
EndGlobal
